# This file is generated by running "yarn install" inside your project.
# Manual changes might be lost - proceed with caution!

__metadata:
  version: 8
  cacheKey: 10c0

"frontend@workspace:.":
  version: 0.0.0-use.local
  resolution: "frontend@workspace:."
  dependencies:
    underscore: "npm:^1.13.7"
  languageName: unknown
  linkType: soft

"underscore@npm:^1.13.7":
  version: 1.13.7
  resolution: "underscore@npm:1.13.7"
  checksum: 10c0/fad2b4aac48847674aaf3c30558f383399d4fdafad6dd02dd60e4e1b8103b52c5a9e5937e0cc05dacfd26d6a0132ed0410ab4258241240757e4a4424507471cd
  languageName: node
  linkType: hard
